// !$*UTF8*$!
{
	archiveVersion = 1;
	classes = {
	};
	objectVersion = 46;
	objects = {

/* Begin PBXBuildFile section */
		5A289E4921835446001FE543 /* GetLastMenuItemXPosition.swift in Sources */ = {isa = PBXBuildFile; fileRef = 5A289E4821835446001FE543 /* GetLastMenuItemXPosition.swift */; };
		5A289E4B21835487001FE543 /* GetLastMenuItemXPositionTests.swift in Sources */ = {isa = PBXBuildFile; fileRef = 5A289E4A21835487001FE543 /* GetLastMenuItemXPositionTests.swift */; };
		5A289E5421836708001FE543 /* EventMonitor.swift in Sources */ = {isa = PBXBuildFile; fileRef = 5A289E5321836708001FE543 /* EventMonitor.swift */; };
		5A289E582183ADFD001FE543 /* Demo.mp4 in Resources */ = {isa = PBXBuildFile; fileRef = 5A289E572183ADFD001FE543 /* Demo.mp4 */; };
		BF_127671831555 /* FirstRun.swift in Sources */ = {isa = PBXBuildFile; fileRef = FR_158734516808 /* FirstRun.swift */; };
		BF_176493698303 /* LaunchAtLogin.framework in Frameworks */ = {isa = PBXBuildFile; fileRef = FR_313939739558 /* LaunchAtLogin.framework */; };
		BF_186471333246 /* Assets.xcassets in Resources */ = {isa = PBXBuildFile; fileRef = FR_554209460677 /* Assets.xcassets */; };
		BF_215361843810 /* BoardingScreen.swift in Sources */ = {isa = PBXBuildFile; fileRef = FR_156989833044 /* BoardingScreen.swift */; };
		BF_223642774034 /* DozerStatusItemTests.swift in Sources */ = {isa = PBXBuildFile; fileRef = FR_166801309717 /* DozerStatusItemTests.swift */; };
		BF_254612048700 /* LaunchAtLogin.framework in Embed Frameworks */ = {isa = PBXBuildFile; fileRef = FR_313939739558 /* LaunchAtLogin.framework */; settings = {ATTRIBUTES = (CodeSignOnCopy, RemoveHeadersOnCopy, ); }; };
		BF_279143273661 /* UserDefaultsIDs.swift in Sources */ = {isa = PBXBuildFile; fileRef = FR_226152609915 /* UserDefaultsIDs.swift */; };
		BF_289565833011 /* Crashlytics.framework in Frameworks */ = {isa = PBXBuildFile; fileRef = FR_603525785418 /* Crashlytics.framework */; };
		BF_336950074820 /* MainMenu.xib in Resources */ = {isa = PBXBuildFile; fileRef = VG_570313816293 /* MainMenu.xib */; };
		BF_348806854865 /* BoardingScreen.xib in Resources */ = {isa = PBXBuildFile; fileRef = FR_467012274011 /* BoardingScreen.xib */; };
		BF_364218488136 /* HandleMouseMovedTests.swift in Sources */ = {isa = PBXBuildFile; fileRef = FR_223307118636 /* HandleMouseMovedTests.swift */; };
		BF_402919444426 /* AboutVC.swift in Sources */ = {isa = PBXBuildFile; fileRef = FR_919730612799 /* AboutVC.swift */; };
		BF_441468167138 /* HandleMouseMoved.swift in Sources */ = {isa = PBXBuildFile; fileRef = FR_848264009291 /* HandleMouseMoved.swift */; };
		BF_457832268999 /* Sparkle.framework in Frameworks */ = {isa = PBXBuildFile; fileRef = FR_861919633272 /* Sparkle.framework */; };
		BF_495210081770 /* GeneralVC.swift in Sources */ = {isa = PBXBuildFile; fileRef = FR_517557359719 /* GeneralVC.swift */; };
		BF_515285622931 /* DozerTests.swift in Sources */ = {isa = PBXBuildFile; fileRef = FR_363539180751 /* DozerTests.swift */; };
		BF_548360096900 /* AXSwift.framework in Frameworks */ = {isa = PBXBuildFile; fileRef = FR_541606073039 /* AXSwift.framework */; };
		BF_565824401567 /* Fabric.framework in Frameworks */ = {isa = PBXBuildFile; fileRef = FR_496120547107 /* Fabric.framework */; };
		BF_583701331972 /* Sparkle.framework in Embed Frameworks */ = {isa = PBXBuildFile; fileRef = FR_861919633272 /* Sparkle.framework */; settings = {ATTRIBUTES = (CodeSignOnCopy, RemoveHeadersOnCopy, ); }; };
		BF_590185752771 /* MASShortcut.framework in Embed Frameworks */ = {isa = PBXBuildFile; fileRef = FR_562443839300 /* MASShortcut.framework */; settings = {ATTRIBUTES = (CodeSignOnCopy, RemoveHeadersOnCopy, ); }; };
		BF_621086584827 /* Cooldown.swift in Sources */ = {isa = PBXBuildFile; fileRef = FR_281835805159 /* Cooldown.swift */; };
		BF_641418428753 /* PreferencesVC.swift in Sources */ = {isa = PBXBuildFile; fileRef = FR_739745727701 /* PreferencesVC.swift */; };
		BF_644826466386 /* AXSwift.framework in Embed Frameworks */ = {isa = PBXBuildFile; fileRef = FR_541606073039 /* AXSwift.framework */; settings = {ATTRIBUTES = (CodeSignOnCopy, RemoveHeadersOnCopy, ); }; };
		BF_690663366521 /* Fabric.framework in Embed Frameworks */ = {isa = PBXBuildFile; fileRef = FR_496120547107 /* Fabric.framework */; settings = {ATTRIBUTES = (CodeSignOnCopy, RemoveHeadersOnCopy, ); }; };
		BF_708206011614 /* StatusBarIconController.swift in Sources */ = {isa = PBXBuildFile; fileRef = FR_273519345937 /* StatusBarIconController.swift */; };
		BF_762364267611 /* AppDelegate.swift in Sources */ = {isa = PBXBuildFile; fileRef = FR_465314535169 /* AppDelegate.swift */; };
		BF_803584487163 /* DozerStatusItem.swift in Sources */ = {isa = PBXBuildFile; fileRef = FR_558612881203 /* DozerStatusItem.swift */; };
		BF_806926818292 /* CooldownTests.swift in Sources */ = {isa = PBXBuildFile; fileRef = FR_469588991223 /* CooldownTests.swift */; };
		BF_842868813130 /* MASShortcut.framework in Frameworks */ = {isa = PBXBuildFile; fileRef = FR_562443839300 /* MASShortcut.framework */; };
		BF_882545063750 /* Crashlytics.framework in Embed Frameworks */ = {isa = PBXBuildFile; fileRef = FR_603525785418 /* Crashlytics.framework */; settings = {ATTRIBUTES = (CodeSignOnCopy, RemoveHeadersOnCopy, ); }; };
		BF_897320047095 /* Preferences.storyboard in Resources */ = {isa = PBXBuildFile; fileRef = FR_266252780135 /* Preferences.storyboard */; };
/* End PBXBuildFile section */

/* Begin PBXContainerItemProxy section */
		5A289E4621832994001FE543 /* PBXContainerItemProxy */ = {
			isa = PBXContainerItemProxy;
			containerPortal = P_4799458375734 /* Project object */;
			proxyType = 1;
			remoteGlobalIDString = NT_479945837573;
			remoteInfo = Dozer;
		};
/* End PBXContainerItemProxy section */

/* Begin PBXCopyFilesBuildPhase section */
		CFBP_8437081002 /* Embed Frameworks */ = {
			isa = PBXCopyFilesBuildPhase;
			buildActionMask = 2147483647;
			dstPath = "";
			dstSubfolderSpec = 10;
			files = (
				BF_882545063750 /* Crashlytics.framework in Embed Frameworks */,
				BF_690663366521 /* Fabric.framework in Embed Frameworks */,
				BF_644826466386 /* AXSwift.framework in Embed Frameworks */,
				BF_254612048700 /* LaunchAtLogin.framework in Embed Frameworks */,
				BF_590185752771 /* MASShortcut.framework in Embed Frameworks */,
				BF_583701331972 /* Sparkle.framework in Embed Frameworks */,
			);
			name = "Embed Frameworks";
			runOnlyForDeploymentPostprocessing = 0;
		};
/* End PBXCopyFilesBuildPhase section */

/* Begin PBXFileReference section */
		5A289E4821835446001FE543 /* GetLastMenuItemXPosition.swift */ = {isa = PBXFileReference; lastKnownFileType = sourcecode.swift; path = GetLastMenuItemXPosition.swift; sourceTree = "<group>"; };
		5A289E4A21835487001FE543 /* GetLastMenuItemXPositionTests.swift */ = {isa = PBXFileReference; lastKnownFileType = sourcecode.swift; path = GetLastMenuItemXPositionTests.swift; sourceTree = "<group>"; };
		5A289E5321836708001FE543 /* EventMonitor.swift */ = {isa = PBXFileReference; lastKnownFileType = sourcecode.swift; path = EventMonitor.swift; sourceTree = "<group>"; };
		5A289E572183ADFD001FE543 /* Demo.mp4 */ = {isa = PBXFileReference; lastKnownFileType = file; path = Demo.mp4; sourceTree = "<group>"; };
		FR_114064246828 /* Info.plist */ = {isa = PBXFileReference; lastKnownFileType = text.plist.xml; path = Info.plist; sourceTree = "<group>"; };
		FR_156989833044 /* BoardingScreen.swift */ = {isa = PBXFileReference; lastKnownFileType = sourcecode.swift; path = BoardingScreen.swift; sourceTree = "<group>"; };
		FR_158734516808 /* FirstRun.swift */ = {isa = PBXFileReference; lastKnownFileType = sourcecode.swift; path = FirstRun.swift; sourceTree = "<group>"; };
		FR_166801309717 /* DozerStatusItemTests.swift */ = {isa = PBXFileReference; lastKnownFileType = sourcecode.swift; path = DozerStatusItemTests.swift; sourceTree = "<group>"; };
		FR_181633778992 /* bridging-header.h */ = {isa = PBXFileReference; lastKnownFileType = sourcecode.c.h; path = "bridging-header.h"; sourceTree = "<group>"; };
		FR_223307118636 /* HandleMouseMovedTests.swift */ = {isa = PBXFileReference; lastKnownFileType = sourcecode.swift; path = HandleMouseMovedTests.swift; sourceTree = "<group>"; };
		FR_226152609915 /* UserDefaultsIDs.swift */ = {isa = PBXFileReference; lastKnownFileType = sourcecode.swift; path = UserDefaultsIDs.swift; sourceTree = "<group>"; };
		FR_266252780135 /* Preferences.storyboard */ = {isa = PBXFileReference; lastKnownFileType = file.storyboard; path = Preferences.storyboard; sourceTree = "<group>"; };
		FR_273519345937 /* StatusBarIconController.swift */ = {isa = PBXFileReference; lastKnownFileType = sourcecode.swift; path = StatusBarIconController.swift; sourceTree = "<group>"; };
		FR_281835805159 /* Cooldown.swift */ = {isa = PBXFileReference; lastKnownFileType = sourcecode.swift; path = Cooldown.swift; sourceTree = "<group>"; };
		FR_313939739558 /* LaunchAtLogin.framework */ = {isa = PBXFileReference; lastKnownFileType = wrapper.framework; path = LaunchAtLogin.framework; sourceTree = "<group>"; };
		FR_363539180751 /* DozerTests.swift */ = {isa = PBXFileReference; lastKnownFileType = sourcecode.swift; path = DozerTests.swift; sourceTree = "<group>"; };
		FR_465314535169 /* AppDelegate.swift */ = {isa = PBXFileReference; lastKnownFileType = sourcecode.swift; path = AppDelegate.swift; sourceTree = "<group>"; };
		FR_467012274011 /* BoardingScreen.xib */ = {isa = PBXFileReference; lastKnownFileType = file.xib; path = BoardingScreen.xib; sourceTree = "<group>"; };
		FR_469588991223 /* CooldownTests.swift */ = {isa = PBXFileReference; lastKnownFileType = sourcecode.swift; path = CooldownTests.swift; sourceTree = "<group>"; };
		FR_479945837573 /* Dozer.app */ = {isa = PBXFileReference; explicitFileType = wrapper.application; includeInIndex = 0; path = Dozer.app; sourceTree = BUILT_PRODUCTS_DIR; };
		FR_496120547107 /* Fabric.framework */ = {isa = PBXFileReference; lastKnownFileType = wrapper.framework; name = Fabric.framework; path = Frameworks/Fabric.framework; sourceTree = "<group>"; };
		FR_517557359719 /* GeneralVC.swift */ = {isa = PBXFileReference; lastKnownFileType = sourcecode.swift; path = GeneralVC.swift; sourceTree = "<group>"; };
		FR_541606073039 /* AXSwift.framework */ = {isa = PBXFileReference; lastKnownFileType = wrapper.framework; path = AXSwift.framework; sourceTree = "<group>"; };
		FR_554209460677 /* Assets.xcassets */ = {isa = PBXFileReference; lastKnownFileType = folder.assetcatalog; path = Assets.xcassets; sourceTree = "<group>"; };
		FR_558612881203 /* DozerStatusItem.swift */ = {isa = PBXFileReference; lastKnownFileType = sourcecode.swift; path = DozerStatusItem.swift; sourceTree = "<group>"; };
		FR_562443839300 /* MASShortcut.framework */ = {isa = PBXFileReference; lastKnownFileType = wrapper.framework; path = MASShortcut.framework; sourceTree = "<group>"; };
		FR_570313816293 /* Base */ = {isa = PBXFileReference; lastKnownFileType = file.xib; name = Base; path = Base.lproj/MainMenu.xib; sourceTree = "<group>"; };
		FR_594147164305 /* DozerTests.xctest */ = {isa = PBXFileReference; explicitFileType = wrapper.cfbundle; includeInIndex = 0; path = DozerTests.xctest; sourceTree = BUILT_PRODUCTS_DIR; };
		FR_603525785418 /* Crashlytics.framework */ = {isa = PBXFileReference; lastKnownFileType = wrapper.framework; name = Crashlytics.framework; path = Frameworks/Crashlytics.framework; sourceTree = "<group>"; };
		FR_648707474633 /* Info.plist */ = {isa = PBXFileReference; lastKnownFileType = text.plist.xml; path = Info.plist; sourceTree = "<group>"; };
		FR_663277439318 /* Dozer.entitlements */ = {isa = PBXFileReference; lastKnownFileType = text.plist.entitlements; path = Dozer.entitlements; sourceTree = "<group>"; };
		FR_739745727701 /* PreferencesVC.swift */ = {isa = PBXFileReference; lastKnownFileType = sourcecode.swift; path = PreferencesVC.swift; sourceTree = "<group>"; };
		FR_848264009291 /* HandleMouseMoved.swift */ = {isa = PBXFileReference; lastKnownFileType = sourcecode.swift; path = HandleMouseMoved.swift; sourceTree = "<group>"; };
		FR_861919633272 /* Sparkle.framework */ = {isa = PBXFileReference; lastKnownFileType = wrapper.framework; path = Sparkle.framework; sourceTree = "<group>"; };
		FR_919730612799 /* AboutVC.swift */ = {isa = PBXFileReference; lastKnownFileType = sourcecode.swift; path = AboutVC.swift; sourceTree = "<group>"; };
/* End PBXFileReference section */

/* Begin PBXFrameworksBuildPhase section */
		FBP_47994583757 /* Frameworks */ = {
			isa = PBXFrameworksBuildPhase;
			buildActionMask = 2147483647;
			files = (
				BF_176493698303 /* LaunchAtLogin.framework in Frameworks */,
				BF_842868813130 /* MASShortcut.framework in Frameworks */,
				BF_457832268999 /* Sparkle.framework in Frameworks */,
				BF_548360096900 /* AXSwift.framework in Frameworks */,
				BF_289565833011 /* Crashlytics.framework in Frameworks */,
				BF_565824401567 /* Fabric.framework in Frameworks */,
			);
			runOnlyForDeploymentPostprocessing = 0;
		};
/* End PBXFrameworksBuildPhase section */

/* Begin PBXGroup section */
		5A289E4E21836661001FE543 /* Observers */ = {
			isa = PBXGroup;
			children = (
				5A289E5321836708001FE543 /* EventMonitor.swift */,
			);
			path = Observers;
			sourceTree = "<group>";
		};
		G_1804179293831 /* LogicTests */ = {
			isa = PBXGroup;
			children = (
				FR_469588991223 /* CooldownTests.swift */,
				FR_223307118636 /* HandleMouseMovedTests.swift */,
				5A289E4A21835487001FE543 /* GetLastMenuItemXPositionTests.swift */,
			);
			path = LogicTests;
			sourceTree = "<group>";
		};
		G_1952740716080 /* Frameworks */ = {
			isa = PBXGroup;
			children = (
				FR_603525785418 /* Crashlytics.framework */,
				FR_496120547107 /* Fabric.framework */,
				G_2883690153011 /* Carthage */,
			);
			name = Frameworks;
			sourceTree = "<group>";
		};
		G_2262017442691 /* Mac */ = {
			isa = PBXGroup;
			children = (
				FR_541606073039 /* AXSwift.framework */,
				FR_313939739558 /* LaunchAtLogin.framework */,
				FR_562443839300 /* MASShortcut.framework */,
				FR_861919633272 /* Sparkle.framework */,
			);
			path = Mac;
			sourceTree = "<group>";
		};
		G_2554562156446 /* Logic */ = {
			isa = PBXGroup;
			children = (
				FR_281835805159 /* Cooldown.swift */,
				FR_158734516808 /* FirstRun.swift */,
				FR_848264009291 /* HandleMouseMoved.swift */,
				FR_273519345937 /* StatusBarIconController.swift */,
				5A289E4821835446001FE543 /* GetLastMenuItemXPosition.swift */,
			);
			path = Logic;
			sourceTree = "<group>";
		};
		G_2555110680911 /* Views */ = {
			isa = PBXGroup;
			children = (
				FR_467012274011 /* BoardingScreen.xib */,
				VG_570313816293 /* MainMenu.xib */,
				FR_266252780135 /* Preferences.storyboard */,
			);
			path = Views;
			sourceTree = "<group>";
		};
		G_2589714072103 /* DozerTests */ = {
			isa = PBXGroup;
			children = (
				FR_363539180751 /* DozerTests.swift */,
				FR_648707474633 /* Info.plist */,
				G_1804179293831 /* LogicTests */,
				G_7070042654754 /* ObjectsTests */,
			);
			path = DozerTests;
			sourceTree = "<group>";
		};
		G_2741725469179 /* Objects */ = {
			isa = PBXGroup;
			children = (
				FR_558612881203 /* DozerStatusItem.swift */,
			);
			path = Objects;
			sourceTree = "<group>";
		};
		G_2883690153011 /* Carthage */ = {
			isa = PBXGroup;
			children = (
				G_2262017442691 /* Mac */,
			);
			name = Carthage;
			path = Carthage/Build;
			sourceTree = "<group>";
		};
		G_4799458375734 /* Dozer */ = {
			isa = PBXGroup;
			children = (
				FR_465314535169 /* AppDelegate.swift */,
				G_8503354709357 /* Constants */,
				5A289E4E21836661001FE543 /* Observers */,
				G_2554562156446 /* Logic */,
				G_2741725469179 /* Objects */,
				G_9107343887793 /* Resources */,
				G_7490044046610 /* SupportingFiles */,
				G_6747595145625 /* ViewControllers */,
				G_2555110680911 /* Views */,
			);
			path = Dozer;
			sourceTree = "<group>";
		};
		G_6747595145625 /* ViewControllers */ = {
			isa = PBXGroup;
			children = (
				FR_156989833044 /* BoardingScreen.swift */,
				FR_739745727701 /* PreferencesVC.swift */,
				G_8386267683302 /* PreferencesViewVCs */,
			);
			path = ViewControllers;
			sourceTree = "<group>";
		};
		G_7070042654754 /* ObjectsTests */ = {
			isa = PBXGroup;
			children = (
				FR_166801309717 /* DozerStatusItemTests.swift */,
			);
			path = ObjectsTests;
			sourceTree = "<group>";
		};
		G_7490044046610 /* SupportingFiles */ = {
			isa = PBXGroup;
			children = (
				FR_181633778992 /* bridging-header.h */,
				FR_663277439318 /* Dozer.entitlements */,
				FR_114064246828 /* Info.plist */,
			);
			path = SupportingFiles;
			sourceTree = "<group>";
		};
		G_8386267683302 /* PreferencesViewVCs */ = {
			isa = PBXGroup;
			children = (
				FR_919730612799 /* AboutVC.swift */,
				FR_517557359719 /* GeneralVC.swift */,
			);
			path = PreferencesViewVCs;
			sourceTree = "<group>";
		};
		G_8448771205358 = {
			isa = PBXGroup;
			children = (
				G_4799458375734 /* Dozer */,
				G_2589714072103 /* DozerTests */,
				G_1952740716080 /* Frameworks */,
				G_8620238527590 /* Products */,
			);
			indentWidth = 2;
			sourceTree = "<group>";
			tabWidth = 2;
			usesTabs = 0;
		};
		G_8503354709357 /* Constants */ = {
			isa = PBXGroup;
			children = (
				FR_226152609915 /* UserDefaultsIDs.swift */,
			);
			path = Constants;
			sourceTree = "<group>";
		};
		G_8620238527590 /* Products */ = {
			isa = PBXGroup;
			children = (
				FR_479945837573 /* Dozer.app */,
				FR_594147164305 /* DozerTests.xctest */,
			);
			name = Products;
			sourceTree = "<group>";
		};
		G_9107343887793 /* Resources */ = {
			isa = PBXGroup;
			children = (
				FR_554209460677 /* Assets.xcassets */,
				5A289E572183ADFD001FE543 /* Demo.mp4 */,
			);
			path = Resources;
			sourceTree = "<group>";
		};
/* End PBXGroup section */

/* Begin PBXNativeTarget section */
		NT_479945837573 /* Dozer */ = {
			isa = PBXNativeTarget;
			buildConfigurationList = "CL_479945837573-1" /* Build configuration list for PBXNativeTarget "Dozer" */;
			buildPhases = (
				SBP_47994583757 /* Sources */,
				RBP_47994583757 /* Resources */,
				FBP_47994583757 /* Frameworks */,
				CFBP_8437081002 /* Embed Frameworks */,
				SSBP_8188862981 /* LaunchAtLogin */,
				SSBP_6009087431 /* Unused */,
				SSBP_6606162705 /* LinkFabric */,
			);
			buildRules = (
			);
			dependencies = (
			);
			name = Dozer;
			productName = Dozer;
			productReference = FR_479945837573 /* Dozer.app */;
			productType = "com.apple.product-type.application";
		};
		NT_594147164305 /* DozerTests_macOS */ = {
			isa = PBXNativeTarget;
			buildConfigurationList = CL_594147164305 /* Build configuration list for PBXNativeTarget "DozerTests_macOS" */;
			buildPhases = (
				SBP_59414716430 /* Sources */,
			);
			buildRules = (
			);
			dependencies = (
				5A289E4721832994001FE543 /* PBXTargetDependency */,
			);
			name = DozerTests_macOS;
			productName = DozerTests_macOS;
			productReference = FR_594147164305 /* DozerTests.xctest */;
			productType = "com.apple.product-type.bundle.unit-test";
		};
/* End PBXNativeTarget section */

/* Begin PBXProject section */
		P_4799458375734 /* Project object */ = {
			isa = PBXProject;
			attributes = {
				LastUpgradeCheck = 0930;
				TargetAttributes = {
					NT_479945837573 = {
						DevelopmentTeam = DE6MHLRTVN;
						ProvisioningStyle = Automatic;
					};
					NT_594147164305 = {
						DevelopmentTeam = DE6MHLRTVN;
						ProvisioningStyle = Automatic;
						TestTargetID = NT_479945837573;
					};
				};
			};
			buildConfigurationList = CL_479945837573 /* Build configuration list for PBXProject "Dozer" */;
			compatibilityVersion = "Xcode 3.2";
			developmentRegion = en;
			hasScannedForEncodings = 0;
			knownRegions = (
				Base,
			);
			mainGroup = G_8448771205358;
			projectDirPath = "";
			projectRoot = "";
			targets = (
				NT_479945837573 /* Dozer */,
				NT_594147164305 /* DozerTests_macOS */,
			);
		};
/* End PBXProject section */

/* Begin PBXResourcesBuildPhase section */
		RBP_47994583757 /* Resources */ = {
			isa = PBXResourcesBuildPhase;
			buildActionMask = 2147483647;
			files = (
				BF_186471333246 /* Assets.xcassets in Resources */,
				BF_348806854865 /* BoardingScreen.xib in Resources */,
				BF_336950074820 /* MainMenu.xib in Resources */,
				BF_897320047095 /* Preferences.storyboard in Resources */,
				5A289E582183ADFD001FE543 /* Demo.mp4 in Resources */,
			);
			runOnlyForDeploymentPostprocessing = 0;
		};
/* End PBXResourcesBuildPhase section */

/* Begin PBXShellScriptBuildPhase section */
		SSBP_6009087431 /* Unused */ = {
			isa = PBXShellScriptBuildPhase;
			buildActionMask = 2147483647;
			files = (
			);
			inputPaths = (
			);
			name = Unused;
			outputPaths = (
			);
			runOnlyForDeploymentPostprocessing = 0;
			shellPath = /bin/sh;
			shellScript = "chmod +x ./Scripts/Unused.rb;\n./Scripts/Unused.rb xcode";
		};
		SSBP_6606162705 /* LinkFabric */ = {
			isa = PBXShellScriptBuildPhase;
			buildActionMask = 2147483647;
			files = (
			);
			inputPaths = (
			);
			name = LinkFabric;
			outputPaths = (
			);
			runOnlyForDeploymentPostprocessing = 0;
			shellPath = /bin/sh;
			shellScript = "./Frameworks/Fabric.framework/run 67eb7732a60d9f8f534b1e54b18079643f8bf5ac b4367b1858e713c3cace8b2b0d88bf0ed9b015e5abae59eeb27df6fb64d13663\n";
		};
		SSBP_8188862981 /* LaunchAtLogin */ = {
			isa = PBXShellScriptBuildPhase;
			buildActionMask = 2147483647;
			files = (
			);
			inputPaths = (
			);
			name = LaunchAtLogin;
			outputPaths = (
			);
			runOnlyForDeploymentPostprocessing = 0;
			shellPath = /bin/sh;
			shellScript = "./Carthage/Build/Mac/LaunchAtLogin.framework/Resources/copy-helper.sh\n";
		};
/* End PBXShellScriptBuildPhase section */

/* Begin PBXSourcesBuildPhase section */
		SBP_47994583757 /* Sources */ = {
			isa = PBXSourcesBuildPhase;
			buildActionMask = 2147483647;
			files = (
				BF_402919444426 /* AboutVC.swift in Sources */,
				BF_762364267611 /* AppDelegate.swift in Sources */,
				5A289E4921835446001FE543 /* GetLastMenuItemXPosition.swift in Sources */,
				BF_215361843810 /* BoardingScreen.swift in Sources */,
				BF_621086584827 /* Cooldown.swift in Sources */,
				BF_803584487163 /* DozerStatusItem.swift in Sources */,
				BF_127671831555 /* FirstRun.swift in Sources */,
				BF_495210081770 /* GeneralVC.swift in Sources */,
				BF_441468167138 /* HandleMouseMoved.swift in Sources */,
				BF_641418428753 /* PreferencesVC.swift in Sources */,
				5A289E5421836708001FE543 /* EventMonitor.swift in Sources */,
				BF_708206011614 /* StatusBarIconController.swift in Sources */,
				BF_279143273661 /* UserDefaultsIDs.swift in Sources */,
			);
			runOnlyForDeploymentPostprocessing = 0;
		};
		SBP_59414716430 /* Sources */ = {
			isa = PBXSourcesBuildPhase;
			buildActionMask = 2147483647;
			files = (
				5A289E4B21835487001FE543 /* GetLastMenuItemXPositionTests.swift in Sources */,
				BF_806926818292 /* CooldownTests.swift in Sources */,
				BF_223642774034 /* DozerStatusItemTests.swift in Sources */,
				BF_515285622931 /* DozerTests.swift in Sources */,
				BF_364218488136 /* HandleMouseMovedTests.swift in Sources */,
			);
			runOnlyForDeploymentPostprocessing = 0;
		};
/* End PBXSourcesBuildPhase section */

/* Begin PBXTargetDependency section */
		5A289E4721832994001FE543 /* PBXTargetDependency */ = {
			isa = PBXTargetDependency;
			target = NT_479945837573 /* Dozer */;
			targetProxy = 5A289E4621832994001FE543 /* PBXContainerItemProxy */;
		};
/* End PBXTargetDependency section */

/* Begin PBXVariantGroup section */
		VG_570313816293 /* MainMenu.xib */ = {
			isa = PBXVariantGroup;
			children = (
				FR_570313816293 /* Base */,
			);
			name = MainMenu.xib;
			sourceTree = "<group>";
		};
/* End PBXVariantGroup section */

/* Begin XCBuildConfiguration section */
		BC_386654779870 /* Debug */ = {
			isa = XCBuildConfiguration;
			buildSettings = {
				ALWAYS_EMBED_SWIFT_STANDARD_LIBRARIES = YES;
				ASSETCATALOG_COMPILER_APPICON_NAME = AppIcon;
				CODE_SIGN_ENTITLEMENTS = Dozer/SupportingFiles/Dozer.entitlements;
				CODE_SIGN_IDENTITY = "Mac Developer";
				CODE_SIGN_STYLE = Automatic;
				COMBINE_HIDPI_IMAGES = YES;
				DEVELOPMENT_TEAM = DE6MHLRTVN;
				FRAMEWORK_SEARCH_PATHS = (
					"$(inherited)",
					"$(PROJECT_DIR)/Carthage/Build/Mac",
					"\"Frameworks\"",
				);
				INFOPLIST_FILE = Dozer/SupportingFiles/Info.plist;
				LD_RUNPATH_SEARCH_PATHS = "$(inherited) @executable_path/../Frameworks";
				MACOSX_DEPLOYMENT_TARGET = 10.12;
				PRODUCT_BUNDLE_IDENTIFIER = com.mortennn.Dozer;
				PROVISIONING_PROFILE_SPECIFIER = "";
				SDKROOT = macosx;
				SWIFT_VERSION = 4.2;
			};
			name = Debug;
		};
		BC_479945831424 /* Debug */ = {
			isa = XCBuildConfiguration;
			buildSettings = {
				ALWAYS_SEARCH_USER_PATHS = NO;
				CLANG_ANALYZER_NONNULL = YES;
				CLANG_ANALYZER_NUMBER_OBJECT_CONVERSION = YES_AGGRESSIVE;
				CLANG_CXX_LANGUAGE_STANDARD = "gnu++14";
				CLANG_CXX_LIBRARY = "libc++";
				CLANG_ENABLE_MODULES = YES;
				CLANG_ENABLE_OBJC_ARC = YES;
				CLANG_WARN_BLOCK_CAPTURE_AUTORELEASING = YES;
				CLANG_WARN_BOOL_CONVERSION = YES;
				CLANG_WARN_COMMA = YES;
				CLANG_WARN_CONSTANT_CONVERSION = YES;
				CLANG_WARN_DEPRECATED_OBJC_IMPLEMENTATIONS = YES;
				CLANG_WARN_DIRECT_OBJC_ISA_USAGE = YES_ERROR;
				CLANG_WARN_DOCUMENTATION_COMMENTS = YES;
				CLANG_WARN_EMPTY_BODY = YES;
				CLANG_WARN_ENUM_CONVERSION = YES;
				CLANG_WARN_INFINITE_RECURSION = YES;
				CLANG_WARN_INT_CONVERSION = YES;
				CLANG_WARN_NON_LITERAL_NULL_CONVERSION = YES;
				CLANG_WARN_OBJC_IMPLICIT_RETAIN_SELF = YES;
				CLANG_WARN_OBJC_LITERAL_CONVERSION = YES;
				CLANG_WARN_OBJC_ROOT_CLASS = YES_ERROR;
				CLANG_WARN_RANGE_LOOP_ANALYSIS = YES;
				CLANG_WARN_STRICT_PROTOTYPES = YES;
				CLANG_WARN_SUSPICIOUS_MOVE = YES;
				CLANG_WARN_UNGUARDED_AVAILABILITY = YES_AGGRESSIVE;
				CLANG_WARN_UNREACHABLE_CODE = YES;
				CLANG_WARN__DUPLICATE_METHOD_MATCH = YES;
				COPY_PHASE_STRIP = NO;
				DEBUG_INFORMATION_FORMAT = "dwarf-with-dsym";
				ENABLE_STRICT_OBJC_MSGSEND = YES;
				ENABLE_TESTABILITY = YES;
				GCC_C_LANGUAGE_STANDARD = gnu11;
				GCC_DYNAMIC_NO_PIC = NO;
				GCC_NO_COMMON_BLOCKS = YES;
				GCC_OPTIMIZATION_LEVEL = 0;
				GCC_PREPROCESSOR_DEFINITIONS = (
					"$(inherited)",
					"DEBUG=1",
				);
				GCC_WARN_64_TO_32_BIT_CONVERSION = YES;
				GCC_WARN_ABOUT_RETURN_TYPE = YES_ERROR;
				GCC_WARN_UNDECLARED_SELECTOR = YES;
				GCC_WARN_UNINITIALIZED_AUTOS = YES_AGGRESSIVE;
				GCC_WARN_UNUSED_FUNCTION = YES;
				GCC_WARN_UNUSED_VARIABLE = YES;
				MTL_ENABLE_DEBUG_INFO = YES;
				ONLY_ACTIVE_ARCH = YES;
				PRODUCT_NAME = "$(TARGET_NAME)";
				SWIFT_ACTIVE_COMPILATION_CONDITIONS = DEBUG;
				SWIFT_OPTIMIZATION_LEVEL = "-Onone";
				SWIFT_VERSION = 4.0;
			};
			name = Debug;
		};
		BC_498920453202 /* Debug */ = {
			isa = XCBuildConfiguration;
			buildSettings = {
				BUNDLE_LOADER = "$(TEST_HOST)";
				CODE_SIGN_IDENTITY = "Mac Developer";
				CODE_SIGN_STYLE = Automatic;
				COMBINE_HIDPI_IMAGES = YES;
				DEVELOPMENT_TEAM = DE6MHLRTVN;
				INFOPLIST_FILE = DozerTests/Info.plist;
				LD_RUNPATH_SEARCH_PATHS = "$(inherited) @executable_path/../Frameworks @loader_path/../Frameworks";
				PRODUCT_NAME = DozerTests;
				PROVISIONING_PROFILE_SPECIFIER = "";
				SDKROOT = macosx;
				SWIFT_VERSION = 4.2;
				TEST_HOST = "$(BUILT_PRODUCTS_DIR)/Dozer.app/Contents/MacOS/Dozer";
			};
			name = Debug;
		};
		BC_591140605377 /* Release */ = {
			isa = XCBuildConfiguration;
			buildSettings = {
				ALWAYS_EMBED_SWIFT_STANDARD_LIBRARIES = YES;
				ASSETCATALOG_COMPILER_APPICON_NAME = AppIcon;
				CODE_SIGN_ENTITLEMENTS = Dozer/SupportingFiles/Dozer.entitlements;
				CODE_SIGN_IDENTITY = "Mac Developer";
				CODE_SIGN_STYLE = Automatic;
				COMBINE_HIDPI_IMAGES = YES;
				DEVELOPMENT_TEAM = DE6MHLRTVN;
				FRAMEWORK_SEARCH_PATHS = (
					"$(inherited)",
					"$(PROJECT_DIR)/Carthage/Build/Mac",
					"\"Frameworks\"",
				);
				INFOPLIST_FILE = Dozer/SupportingFiles/Info.plist;
				LD_RUNPATH_SEARCH_PATHS = "$(inherited) @executable_path/../Frameworks";
				MACOSX_DEPLOYMENT_TARGET = 10.12;
				PRODUCT_BUNDLE_IDENTIFIER = com.mortennn.Dozer;
				PROVISIONING_PROFILE_SPECIFIER = "";
				SDKROOT = macosx;
				SWIFT_VERSION = 4.2;
			};
			name = Release;
		};
		BC_703987697103 /* Release */ = {
			isa = XCBuildConfiguration;
			buildSettings = {
				BUNDLE_LOADER = "$(TEST_HOST)";
				CODE_SIGN_IDENTITY = "Mac Developer";
				CODE_SIGN_STYLE = Automatic;
				COMBINE_HIDPI_IMAGES = YES;
				DEVELOPMENT_TEAM = DE6MHLRTVN;
				INFOPLIST_FILE = DozerTests/Info.plist;
				LD_RUNPATH_SEARCH_PATHS = "$(inherited) @executable_path/../Frameworks @loader_path/../Frameworks";
				PRODUCT_NAME = DozerTests;
				PROVISIONING_PROFILE_SPECIFIER = "";
				SDKROOT = macosx;
				SWIFT_VERSION = 4.2;
				TEST_HOST = "$(BUILT_PRODUCTS_DIR)/Dozer.app/Contents/MacOS/Dozer";
			};
			name = Release;
		};
		BC_881114754245 /* Release */ = {
			isa = XCBuildConfiguration;
			buildSettings = {
				ALWAYS_SEARCH_USER_PATHS = NO;
				CLANG_ANALYZER_NONNULL = YES;
				CLANG_ANALYZER_NUMBER_OBJECT_CONVERSION = YES_AGGRESSIVE;
				CLANG_CXX_LANGUAGE_STANDARD = "gnu++14";
				CLANG_CXX_LIBRARY = "libc++";
				CLANG_ENABLE_MODULES = YES;
				CLANG_ENABLE_OBJC_ARC = YES;
				CLANG_WARN_BLOCK_CAPTURE_AUTORELEASING = YES;
				CLANG_WARN_BOOL_CONVERSION = YES;
				CLANG_WARN_COMMA = YES;
				CLANG_WARN_CONSTANT_CONVERSION = YES;
				CLANG_WARN_DEPRECATED_OBJC_IMPLEMENTATIONS = YES;
				CLANG_WARN_DIRECT_OBJC_ISA_USAGE = YES_ERROR;
				CLANG_WARN_DOCUMENTATION_COMMENTS = YES;
				CLANG_WARN_EMPTY_BODY = YES;
				CLANG_WARN_ENUM_CONVERSION = YES;
				CLANG_WARN_INFINITE_RECURSION = YES;
				CLANG_WARN_INT_CONVERSION = YES;
				CLANG_WARN_NON_LITERAL_NULL_CONVERSION = YES;
				CLANG_WARN_OBJC_IMPLICIT_RETAIN_SELF = YES;
				CLANG_WARN_OBJC_LITERAL_CONVERSION = YES;
				CLANG_WARN_OBJC_ROOT_CLASS = YES_ERROR;
				CLANG_WARN_RANGE_LOOP_ANALYSIS = YES;
				CLANG_WARN_STRICT_PROTOTYPES = YES;
				CLANG_WARN_SUSPICIOUS_MOVE = YES;
				CLANG_WARN_UNGUARDED_AVAILABILITY = YES_AGGRESSIVE;
				CLANG_WARN_UNREACHABLE_CODE = YES;
				CLANG_WARN__DUPLICATE_METHOD_MATCH = YES;
				COPY_PHASE_STRIP = NO;
				DEBUG_INFORMATION_FORMAT = "dwarf-with-dsym";
				ENABLE_NS_ASSERTIONS = NO;
				ENABLE_STRICT_OBJC_MSGSEND = YES;
				GCC_C_LANGUAGE_STANDARD = gnu11;
				GCC_NO_COMMON_BLOCKS = YES;
				GCC_WARN_64_TO_32_BIT_CONVERSION = YES;
				GCC_WARN_ABOUT_RETURN_TYPE = YES_ERROR;
				GCC_WARN_UNDECLARED_SELECTOR = YES;
				GCC_WARN_UNINITIALIZED_AUTOS = YES_AGGRESSIVE;
				GCC_WARN_UNUSED_FUNCTION = YES;
				GCC_WARN_UNUSED_VARIABLE = YES;
				PRODUCT_NAME = "$(TARGET_NAME)";
				SWIFT_OPTIMIZATION_LEVEL = "-Owholemodule";
				SWIFT_VERSION = 4.0;
				VALIDATE_PRODUCT = YES;
			};
			name = Release;
		};
/* End XCBuildConfiguration section */

/* Begin XCConfigurationList section */
		CL_479945837573 /* Build configuration list for PBXProject "Dozer" */ = {
			isa = XCConfigurationList;
			buildConfigurations = (
				BC_479945831424 /* Debug */,
				BC_881114754245 /* Release */,
			);
			defaultConfigurationIsVisible = 0;
			defaultConfigurationName = Debug;
		};
		"CL_479945837573-1" /* Build configuration list for PBXNativeTarget "Dozer" */ = {
			isa = XCConfigurationList;
			buildConfigurations = (
				BC_386654779870 /* Debug */,
				BC_591140605377 /* Release */,
			);
			defaultConfigurationIsVisible = 0;
			defaultConfigurationName = "";
		};
		CL_594147164305 /* Build configuration list for PBXNativeTarget "DozerTests_macOS" */ = {
			isa = XCConfigurationList;
			buildConfigurations = (
				BC_498920453202 /* Debug */,
				BC_703987697103 /* Release */,
			);
			defaultConfigurationIsVisible = 0;
			defaultConfigurationName = "";
		};
/* End XCConfigurationList section */
	};
	rootObject = P_4799458375734 /* Project object */;
}
